// !$*UTF8*$!
{
	archiveVersion = 1;
	classes = {
	};
	objectVersion = 46;
	objects = {

/* Begin PBXBuildFile section */
		75E8E8A717FE3F6900EF409E /* QBrowser.m in Sources */ = {isa = PBXBuildFile; fileRef = 75E8E8A017FE3F6900EF409E /* QBrowser.m */; };
		75E8E8A817FE3F6900EF409E /* QCommandConnection.m in Sources */ = {isa = PBXBuildFile; fileRef = 75E8E8A217FE3F6900EF409E /* QCommandConnection.m */; };
		75E8E8A917FE3F6900EF409E /* QCommandLineConnection.m in Sources */ = {isa = PBXBuildFile; fileRef = 75E8E8A417FE3F6900EF409E /* QCommandLineConnection.m */; };
		75E8E8AA17FE3F6900EF409E /* QServer.m in Sources */ = {isa = PBXBuildFile; fileRef = 75E8E8A617FE3F6900EF409E /* QServer.m */; };
		75E8E8AD1801D6F900EF409E /* BRBrainRingManager.m in Sources */ = {isa = PBXBuildFile; fileRef = 75E8E8AC1801D6F900EF409E /* BRBrainRingManager.m */; };
		75E8E8AE1801D6F900EF409E /* BRBrainRingManager.m in Sources */ = {isa = PBXBuildFile; fileRef = 75E8E8AC1801D6F900EF409E /* BRBrainRingManager.m */; };
		75FECA4F17F5FDE100C2B382 /* Cocoa.framework in Frameworks */ = {isa = PBXBuildFile; fileRef = 75FECA4E17F5FDE100C2B382 /* Cocoa.framework */; };
		75FECA5917F5FDE100C2B382 /* InfoPlist.strings in Resources */ = {isa = PBXBuildFile; fileRef = 75FECA5717F5FDE100C2B382 /* InfoPlist.strings */; };
		75FECA5B17F5FDE100C2B382 /* main.m in Sources */ = {isa = PBXBuildFile; fileRef = 75FECA5A17F5FDE100C2B382 /* main.m */; };
		75FECA5F17F5FDE100C2B382 /* Credits.rtf in Resources */ = {isa = PBXBuildFile; fileRef = 75FECA5D17F5FDE100C2B382 /* Credits.rtf */; };
		75FECA6517F5FDE100C2B382 /* MainMenu.xib in Resources */ = {isa = PBXBuildFile; fileRef = 75FECA6317F5FDE100C2B382 /* MainMenu.xib */; };
		75FECA6717F5FDE100C2B382 /* Images.xcassets in Resources */ = {isa = PBXBuildFile; fileRef = 75FECA6617F5FDE100C2B382 /* Images.xcassets */; };
		75FECA6E17F5FDE100C2B382 /* XCTest.framework in Frameworks */ = {isa = PBXBuildFile; fileRef = 75FECA6D17F5FDE100C2B382 /* XCTest.framework */; };
		75FECA6F17F5FDE100C2B382 /* Cocoa.framework in Frameworks */ = {isa = PBXBuildFile; fileRef = 75FECA4E17F5FDE100C2B382 /* Cocoa.framework */; };
		75FECA7717F5FDE100C2B382 /* InfoPlist.strings in Resources */ = {isa = PBXBuildFile; fileRef = 75FECA7517F5FDE100C2B382 /* InfoPlist.strings */; };
		75FECA7917F5FDE100C2B382 /* BrainRingControlTests.m in Sources */ = {isa = PBXBuildFile; fileRef = 75FECA7817F5FDE100C2B382 /* BrainRingControlTests.m */; };
		75FECAD317F61F1300C2B382 /* BRAppDelegate.m in Sources */ = {isa = PBXBuildFile; fileRef = 75FECAD217F61F1300C2B382 /* BRAppDelegate.m */; };
/* End PBXBuildFile section */

/* Begin PBXContainerItemProxy section */
		75FECA7017F5FDE100C2B382 /* PBXContainerItemProxy */ = {
			isa = PBXContainerItemProxy;
			containerPortal = 75FECA4317F5FDE100C2B382 /* Project object */;
			proxyType = 1;
			remoteGlobalIDString = 75FECA4A17F5FDE100C2B382;
			remoteInfo = BrainRingControl;
		};
/* End PBXContainerItemProxy section */

/* Begin PBXFileReference section */
		75E8E89F17FE3F6900EF409E /* QBrowser.h */ = {isa = PBXFileReference; fileEncoding = 4; lastKnownFileType = sourcecode.c.h; name = QBrowser.h; path = ../../../Common/3rdParty/QBrowser.h; sourceTree = "<group>"; };
		75E8E8A017FE3F6900EF409E /* QBrowser.m */ = {isa = PBXFileReference; fileEncoding = 4; lastKnownFileType = sourcecode.c.objc; name = QBrowser.m; path = ../../../Common/3rdParty/QBrowser.m; sourceTree = "<group>"; };
		75E8E8A117FE3F6900EF409E /* QCommandConnection.h */ = {isa = PBXFileReference; fileEncoding = 4; lastKnownFileType = sourcecode.c.h; name = QCommandConnection.h; path = ../../../Common/3rdParty/QCommandConnection.h; sourceTree = "<group>"; };
		75E8E8A217FE3F6900EF409E /* QCommandConnection.m */ = {isa = PBXFileReference; fileEncoding = 4; lastKnownFileType = sourcecode.c.objc; name = QCommandConnection.m; path = ../../../Common/3rdParty/QCommandConnection.m; sourceTree = "<group>"; };
		75E8E8A317FE3F6900EF409E /* QCommandLineConnection.h */ = {isa = PBXFileReference; fileEncoding = 4; lastKnownFileType = sourcecode.c.h; name = QCommandLineConnection.h; path = ../../../Common/3rdParty/QCommandLineConnection.h; sourceTree = "<group>"; };
		75E8E8A417FE3F6900EF409E /* QCommandLineConnection.m */ = {isa = PBXFileReference; fileEncoding = 4; lastKnownFileType = sourcecode.c.objc; name = QCommandLineConnection.m; path = ../../../Common/3rdParty/QCommandLineConnection.m; sourceTree = "<group>"; };
		75E8E8A517FE3F6900EF409E /* QServer.h */ = {isa = PBXFileReference; fileEncoding = 4; lastKnownFileType = sourcecode.c.h; name = QServer.h; path = ../../../Common/3rdParty/QServer.h; sourceTree = "<group>"; };
		75E8E8A617FE3F6900EF409E /* QServer.m */ = {isa = PBXFileReference; fileEncoding = 4; lastKnownFileType = sourcecode.c.objc; name = QServer.m; path = ../../../Common/3rdParty/QServer.m; sourceTree = "<group>"; };
		75E8E8AB1801D6F900EF409E /* BRBrainRingManager.h */ = {isa = PBXFileReference; fileEncoding = 4; lastKnownFileType = sourcecode.c.h; path = BRBrainRingManager.h; sourceTree = "<group>"; };
		75E8E8AC1801D6F900EF409E /* BRBrainRingManager.m */ = {isa = PBXFileReference; fileEncoding = 4; lastKnownFileType = sourcecode.c.objc; path = BRBrainRingManager.m; sourceTree = "<group>"; };
		75FECA4B17F5FDE100C2B382 /* BrainRingControl.app */ = {isa = PBXFileReference; explicitFileType = wrapper.application; includeInIndex = 0; path = BrainRingControl.app; sourceTree = BUILT_PRODUCTS_DIR; };
		75FECA4E17F5FDE100C2B382 /* Cocoa.framework */ = {isa = PBXFileReference; lastKnownFileType = wrapper.framework; name = Cocoa.framework; path = System/Library/Frameworks/Cocoa.framework; sourceTree = SDKROOT; };
		75FECA5117F5FDE100C2B382 /* AppKit.framework */ = {isa = PBXFileReference; lastKnownFileType = wrapper.framework; name = AppKit.framework; path = System/Library/Frameworks/AppKit.framework; sourceTree = SDKROOT; };
		75FECA5217F5FDE100C2B382 /* CoreData.framework */ = {isa = PBXFileReference; lastKnownFileType = wrapper.framework; name = CoreData.framework; path = System/Library/Frameworks/CoreData.framework; sourceTree = SDKROOT; };
		75FECA5317F5FDE100C2B382 /* Foundation.framework */ = {isa = PBXFileReference; lastKnownFileType = wrapper.framework; name = Foundation.framework; path = System/Library/Frameworks/Foundation.framework; sourceTree = SDKROOT; };
		75FECA5617F5FDE100C2B382 /* BrainRingControl-Info.plist */ = {isa = PBXFileReference; lastKnownFileType = text.plist.xml; path = "BrainRingControl-Info.plist"; sourceTree = "<group>"; };
		75FECA5817F5FDE100C2B382 /* en */ = {isa = PBXFileReference; lastKnownFileType = text.plist.strings; name = en; path = en.lproj/InfoPlist.strings; sourceTree = "<group>"; };
		75FECA5A17F5FDE100C2B382 /* main.m */ = {isa = PBXFileReference; lastKnownFileType = sourcecode.c.objc; path = main.m; sourceTree = "<group>"; };
		75FECA5C17F5FDE100C2B382 /* BrainRingControl-Prefix.pch */ = {isa = PBXFileReference; lastKnownFileType = sourcecode.c.h; path = "BrainRingControl-Prefix.pch"; sourceTree = "<group>"; };
		75FECA5E17F5FDE100C2B382 /* en */ = {isa = PBXFileReference; lastKnownFileType = text.rtf; name = en; path = en.lproj/Credits.rtf; sourceTree = "<group>"; };
		75FECA6417F5FDE100C2B382 /* Base */ = {isa = PBXFileReference; lastKnownFileType = file.xib; name = Base; path = Base.lproj/MainMenu.xib; sourceTree = "<group>"; };
		75FECA6617F5FDE100C2B382 /* Images.xcassets */ = {isa = PBXFileReference; lastKnownFileType = folder.assetcatalog; path = Images.xcassets; sourceTree = "<group>"; };
		75FECA6C17F5FDE100C2B382 /* BrainRingControlTests.xctest */ = {isa = PBXFileReference; explicitFileType = wrapper.cfbundle; includeInIndex = 0; path = BrainRingControlTests.xctest; sourceTree = BUILT_PRODUCTS_DIR; };
		75FECA6D17F5FDE100C2B382 /* XCTest.framework */ = {isa = PBXFileReference; lastKnownFileType = wrapper.framework; name = XCTest.framework; path = Library/Frameworks/XCTest.framework; sourceTree = DEVELOPER_DIR; };
		75FECA7417F5FDE100C2B382 /* BrainRingControlTests-Info.plist */ = {isa = PBXFileReference; lastKnownFileType = text.plist.xml; path = "BrainRingControlTests-Info.plist"; sourceTree = "<group>"; };
		75FECA7617F5FDE100C2B382 /* en */ = {isa = PBXFileReference; lastKnownFileType = text.plist.strings; name = en; path = en.lproj/InfoPlist.strings; sourceTree = "<group>"; };
		75FECA7817F5FDE100C2B382 /* BrainRingControlTests.m */ = {isa = PBXFileReference; lastKnownFileType = sourcecode.c.objc; path = BrainRingControlTests.m; sourceTree = "<group>"; };
		75FECAD117F61F1300C2B382 /* BRAppDelegate.h */ = {isa = PBXFileReference; fileEncoding = 4; lastKnownFileType = sourcecode.c.h; name = BRAppDelegate.h; path = Controllers/BRAppDelegate.h; sourceTree = "<group>"; };
		75FECAD217F61F1300C2B382 /* BRAppDelegate.m */ = {isa = PBXFileReference; fileEncoding = 4; lastKnownFileType = sourcecode.c.objc; name = BRAppDelegate.m; path = Controllers/BRAppDelegate.m; sourceTree = "<group>"; };
/* End PBXFileReference section */

/* Begin PBXFrameworksBuildPhase section */
		75FECA4817F5FDE100C2B382 /* Frameworks */ = {
			isa = PBXFrameworksBuildPhase;
			buildActionMask = 2147483647;
			files = (
				75FECA4F17F5FDE100C2B382 /* Cocoa.framework in Frameworks */,
			);
			runOnlyForDeploymentPostprocessing = 0;
		};
		75FECA6917F5FDE100C2B382 /* Frameworks */ = {
			isa = PBXFrameworksBuildPhase;
			buildActionMask = 2147483647;
			files = (
				75FECA6F17F5FDE100C2B382 /* Cocoa.framework in Frameworks */,
				75FECA6E17F5FDE100C2B382 /* XCTest.framework in Frameworks */,
			);
			runOnlyForDeploymentPostprocessing = 0;
		};
/* End PBXFrameworksBuildPhase section */

/* Begin PBXGroup section */
		75E8E89E17FE3F1F00EF409E /* 3rdParty */ = {
			isa = PBXGroup;
			children = (
				75E8E89F17FE3F6900EF409E /* QBrowser.h */,
				75E8E8A017FE3F6900EF409E /* QBrowser.m */,
				75E8E8A117FE3F6900EF409E /* QCommandConnection.h */,
				75E8E8A217FE3F6900EF409E /* QCommandConnection.m */,
				75E8E8A317FE3F6900EF409E /* QCommandLineConnection.h */,
				75E8E8A417FE3F6900EF409E /* QCommandLineConnection.m */,
				75E8E8A517FE3F6900EF409E /* QServer.h */,
				75E8E8A617FE3F6900EF409E /* QServer.m */,
			);
			name = 3rdParty;
			sourceTree = "<group>";
		};
		75FECA4217F5FDE100C2B382 = {
			isa = PBXGroup;
			children = (
				75FECA5417F5FDE100C2B382 /* BrainRingControl */,
				75FECA7217F5FDE100C2B382 /* BrainRingControlTests */,
				75FECA4D17F5FDE100C2B382 /* Frameworks */,
				75FECA4C17F5FDE100C2B382 /* Products */,
			);
			sourceTree = "<group>";
		};
		75FECA4C17F5FDE100C2B382 /* Products */ = {
			isa = PBXGroup;
			children = (
				75FECA4B17F5FDE100C2B382 /* BrainRingControl.app */,
				75FECA6C17F5FDE100C2B382 /* BrainRingControlTests.xctest */,
			);
			name = Products;
			sourceTree = "<group>";
		};
		75FECA4D17F5FDE100C2B382 /* Frameworks */ = {
			isa = PBXGroup;
			children = (
				75FECA4E17F5FDE100C2B382 /* Cocoa.framework */,
				75FECA6D17F5FDE100C2B382 /* XCTest.framework */,
				75FECA5017F5FDE100C2B382 /* Other Frameworks */,
			);
			name = Frameworks;
			sourceTree = "<group>";
		};
		75FECA5017F5FDE100C2B382 /* Other Frameworks */ = {
			isa = PBXGroup;
			children = (
				75FECA5117F5FDE100C2B382 /* AppKit.framework */,
				75FECA5217F5FDE100C2B382 /* CoreData.framework */,
				75FECA5317F5FDE100C2B382 /* Foundation.framework */,
			);
			name = "Other Frameworks";
			sourceTree = "<group>";
		};
		75FECA5417F5FDE100C2B382 /* BrainRingControl */ = {
			isa = PBXGroup;
			children = (
				75FECACE17F61C9000C2B382 /* Model */,
				75FECAD017F61CA200C2B382 /* Controllers */,
				75FECACF17F61C9A00C2B382 /* Views */,
				75E8E89E17FE3F1F00EF409E /* 3rdParty */,
				75FECA6317F5FDE100C2B382 /* MainMenu.xib */,
				75FECA6617F5FDE100C2B382 /* Images.xcassets */,
				75FECA5517F5FDE100C2B382 /* Supporting Files */,
			);
			path = BrainRingControl;
			sourceTree = "<group>";
		};
		75FECA5517F5FDE100C2B382 /* Supporting Files */ = {
			isa = PBXGroup;
			children = (
				75FECA5617F5FDE100C2B382 /* BrainRingControl-Info.plist */,
				75FECA5717F5FDE100C2B382 /* InfoPlist.strings */,
				75FECA5A17F5FDE100C2B382 /* main.m */,
				75FECA5C17F5FDE100C2B382 /* BrainRingControl-Prefix.pch */,
				75FECA5D17F5FDE100C2B382 /* Credits.rtf */,
			);
			name = "Supporting Files";
			sourceTree = "<group>";
		};
		75FECA7217F5FDE100C2B382 /* BrainRingControlTests */ = {
			isa = PBXGroup;
			children = (
				75FECA7817F5FDE100C2B382 /* BrainRingControlTests.m */,
				75FECA7317F5FDE100C2B382 /* Supporting Files */,
			);
			path = BrainRingControlTests;
			sourceTree = "<group>";
		};
		75FECA7317F5FDE100C2B382 /* Supporting Files */ = {
			isa = PBXGroup;
			children = (
				75FECA7417F5FDE100C2B382 /* BrainRingControlTests-Info.plist */,
				75FECA7517F5FDE100C2B382 /* InfoPlist.strings */,
			);
			name = "Supporting Files";
			sourceTree = "<group>";
		};
		75FECACE17F61C9000C2B382 /* Model */ = {
			isa = PBXGroup;
			children = (
				75E8E8AB1801D6F900EF409E /* BRBrainRingManager.h */,
				75E8E8AC1801D6F900EF409E /* BRBrainRingManager.m */,
			);
			path = Model;
			sourceTree = "<group>";
		};
		75FECACF17F61C9A00C2B382 /* Views */ = {
			isa = PBXGroup;
			children = (
			);
			name = Views;
			sourceTree = "<group>";
		};
		75FECAD017F61CA200C2B382 /* Controllers */ = {
			isa = PBXGroup;
			children = (
				75FECAD117F61F1300C2B382 /* BRAppDelegate.h */,
				75FECAD217F61F1300C2B382 /* BRAppDelegate.m */,
			);
			name = Controllers;
			sourceTree = "<group>";
		};
/* End PBXGroup section */

/* Begin PBXNativeTarget section */
		75FECA4A17F5FDE100C2B382 /* BrainRingControl */ = {
			isa = PBXNativeTarget;
			buildConfigurationList = 75FECA7C17F5FDE100C2B382 /* Build configuration list for PBXNativeTarget "BrainRingControl" */;
			buildPhases = (
				75FECA4717F5FDE100C2B382 /* Sources */,
				75FECA4817F5FDE100C2B382 /* Frameworks */,
				75FECA4917F5FDE100C2B382 /* Resources */,
			);
			buildRules = (
			);
			dependencies = (
			);
			name = BrainRingControl;
			productName = BrainRingControl;
			productReference = 75FECA4B17F5FDE100C2B382 /* BrainRingControl.app */;
			productType = "com.apple.product-type.application";
		};
		75FECA6B17F5FDE100C2B382 /* BrainRingControlTests */ = {
			isa = PBXNativeTarget;
			buildConfigurationList = 75FECA7F17F5FDE100C2B382 /* Build configuration list for PBXNativeTarget "BrainRingControlTests" */;
			buildPhases = (
				75FECA6817F5FDE100C2B382 /* Sources */,
				75FECA6917F5FDE100C2B382 /* Frameworks */,
				75FECA6A17F5FDE100C2B382 /* Resources */,
			);
			buildRules = (
			);
			dependencies = (
				75FECA7117F5FDE100C2B382 /* PBXTargetDependency */,
			);
			name = BrainRingControlTests;
			productName = BrainRingControlTests;
			productReference = 75FECA6C17F5FDE100C2B382 /* BrainRingControlTests.xctest */;
			productType = "com.apple.product-type.bundle.unit-test";
		};
/* End PBXNativeTarget section */

/* Begin PBXProject section */
		75FECA4317F5FDE100C2B382 /* Project object */ = {
			isa = PBXProject;
			attributes = {
				CLASSPREFIX = BR;
				LastUpgradeCheck = 0500;
				ORGANIZATIONNAME = "Sergey Dunets";
				TargetAttributes = {
					75FECA6B17F5FDE100C2B382 = {
						TestTargetID = 75FECA4A17F5FDE100C2B382;
					};
				};
			};
			buildConfigurationList = 75FECA4617F5FDE100C2B382 /* Build configuration list for PBXProject "BrainRingControl" */;
			compatibilityVersion = "Xcode 3.2";
			developmentRegion = English;
			hasScannedForEncodings = 0;
			knownRegions = (
				en,
				Base,
			);
			mainGroup = 75FECA4217F5FDE100C2B382;
			productRefGroup = 75FECA4C17F5FDE100C2B382 /* Products */;
			projectDirPath = "";
			projectRoot = "";
			targets = (
				75FECA4A17F5FDE100C2B382 /* BrainRingControl */,
				75FECA6B17F5FDE100C2B382 /* BrainRingControlTests */,
			);
		};
/* End PBXProject section */

/* Begin PBXResourcesBuildPhase section */
		75FECA4917F5FDE100C2B382 /* Resources */ = {
			isa = PBXResourcesBuildPhase;
			buildActionMask = 2147483647;
			files = (
				75FECA5917F5FDE100C2B382 /* InfoPlist.strings in Resources */,
				75FECA6717F5FDE100C2B382 /* Images.xcassets in Resources */,
				75FECA5F17F5FDE100C2B382 /* Credits.rtf in Resources */,
				75FECA6517F5FDE100C2B382 /* MainMenu.xib in Resources */,
			);
			runOnlyForDeploymentPostprocessing = 0;
		};
		75FECA6A17F5FDE100C2B382 /* Resources */ = {
			isa = PBXResourcesBuildPhase;
			buildActionMask = 2147483647;
			files = (
				75FECA7717F5FDE100C2B382 /* InfoPlist.strings in Resources */,
			);
			runOnlyForDeploymentPostprocessing = 0;
		};
/* End PBXResourcesBuildPhase section */

/* Begin PBXSourcesBuildPhase section */
		75FECA4717F5FDE100C2B382 /* Sources */ = {
			isa = PBXSourcesBuildPhase;
			buildActionMask = 2147483647;
			files = (
				75E8E8AD1801D6F900EF409E /* BRBrainRingManager.m in Sources */,
				75FECAD317F61F1300C2B382 /* BRAppDelegate.m in Sources */,
				75E8E8A917FE3F6900EF409E /* QCommandLineConnection.m in Sources */,
				75FECA5B17F5FDE100C2B382 /* main.m in Sources */,
				75E8E8A717FE3F6900EF409E /* QBrowser.m in Sources */,
				75E8E8AA17FE3F6900EF409E /* QServer.m in Sources */,
				75E8E8A817FE3F6900EF409E /* QCommandConnection.m in Sources */,
			);
			runOnlyForDeploymentPostprocessing = 0;
		};
		75FECA6817F5FDE100C2B382 /* Sources */ = {
			isa = PBXSourcesBuildPhase;
			buildActionMask = 2147483647;
			files = (
				75E8E8AE1801D6F900EF409E /* BRBrainRingManager.m in Sources */,
				75FECA7917F5FDE100C2B382 /* BrainRingControlTests.m in Sources */,
			);
			runOnlyForDeploymentPostprocessing = 0;
		};
/* End PBXSourcesBuildPhase section */

/* Begin PBXTargetDependency section */
		75FECA7117F5FDE100C2B382 /* PBXTargetDependency */ = {
			isa = PBXTargetDependency;
			target = 75FECA4A17F5FDE100C2B382 /* BrainRingControl */;
			targetProxy = 75FECA7017F5FDE100C2B382 /* PBXContainerItemProxy */;
		};
/* End PBXTargetDependency section */

/* Begin PBXVariantGroup section */
		75FECA5717F5FDE100C2B382 /* InfoPlist.strings */ = {
			isa = PBXVariantGroup;
			children = (
				75FECA5817F5FDE100C2B382 /* en */,
			);
			name = InfoPlist.strings;
			sourceTree = "<group>";
		};
		75FECA5D17F5FDE100C2B382 /* Credits.rtf */ = {
			isa = PBXVariantGroup;
			children = (
				75FECA5E17F5FDE100C2B382 /* en */,
			);
			name = Credits.rtf;
			sourceTree = "<group>";
		};
		75FECA6317F5FDE100C2B382 /* MainMenu.xib */ = {
			isa = PBXVariantGroup;
			children = (
				75FECA6417F5FDE100C2B382 /* Base */,
			);
			name = MainMenu.xib;
			sourceTree = "<group>";
		};
		75FECA7517F5FDE100C2B382 /* InfoPlist.strings */ = {
			isa = PBXVariantGroup;
			children = (
				75FECA7617F5FDE100C2B382 /* en */,
			);
			name = InfoPlist.strings;
			sourceTree = "<group>";
		};
/* End PBXVariantGroup section */

/* Begin XCBuildConfiguration section */
		75FECA7A17F5FDE100C2B382 /* Debug */ = {
			isa = XCBuildConfiguration;
			buildSettings = {
				ALWAYS_SEARCH_USER_PATHS = NO;
				CLANG_CXX_LANGUAGE_STANDARD = "gnu++0x";
				CLANG_CXX_LIBRARY = "libc++";
				CLANG_ENABLE_OBJC_ARC = NO;
				CLANG_WARN_BOOL_CONVERSION = YES;
				CLANG_WARN_CONSTANT_CONVERSION = YES;
				CLANG_WARN_DIRECT_OBJC_ISA_USAGE = YES_ERROR;
				CLANG_WARN_EMPTY_BODY = YES;
				CLANG_WARN_ENUM_CONVERSION = YES;
				CLANG_WARN_INT_CONVERSION = YES;
				CLANG_WARN_OBJC_ROOT_CLASS = YES_ERROR;
				CLANG_WARN__DUPLICATE_METHOD_MATCH = YES;
				COPY_PHASE_STRIP = NO;
				GCC_C_LANGUAGE_STANDARD = gnu99;
				GCC_DYNAMIC_NO_PIC = NO;
				GCC_ENABLE_OBJC_EXCEPTIONS = YES;
				GCC_OPTIMIZATION_LEVEL = 0;
				GCC_PREPROCESSOR_DEFINITIONS = (
					"DEBUG=1",
					"$(inherited)",
				);
				GCC_SYMBOLS_PRIVATE_EXTERN = NO;
				GCC_WARN_64_TO_32_BIT_CONVERSION = YES;
				GCC_WARN_ABOUT_RETURN_TYPE = YES_ERROR;
				GCC_WARN_UNDECLARED_SELECTOR = YES;
				GCC_WARN_UNINITIALIZED_AUTOS = YES;
				GCC_WARN_UNUSED_FUNCTION = YES;
				GCC_WARN_UNUSED_VARIABLE = YES;
				MACOSX_DEPLOYMENT_TARGET = 10.8;
				ONLY_ACTIVE_ARCH = YES;
				SDKROOT = macosx;
			};
			name = Debug;
		};
		75FECA7B17F5FDE100C2B382 /* Release */ = {
			isa = XCBuildConfiguration;
			buildSettings = {
				ALWAYS_SEARCH_USER_PATHS = NO;
				CLANG_CXX_LANGUAGE_STANDARD = "gnu++0x";
				CLANG_CXX_LIBRARY = "libc++";
				CLANG_ENABLE_OBJC_ARC = NO;
				CLANG_WARN_BOOL_CONVERSION = YES;
				CLANG_WARN_CONSTANT_CONVERSION = YES;
				CLANG_WARN_DIRECT_OBJC_ISA_USAGE = YES_ERROR;
				CLANG_WARN_EMPTY_BODY = YES;
				CLANG_WARN_ENUM_CONVERSION = YES;
				CLANG_WARN_INT_CONVERSION = YES;
				CLANG_WARN_OBJC_ROOT_CLASS = YES_ERROR;
				CLANG_WARN__DUPLICATE_METHOD_MATCH = YES;
				COPY_PHASE_STRIP = YES;
				DEBUG_INFORMATION_FORMAT = "dwarf-with-dsym";
				ENABLE_NS_ASSERTIONS = NO;
				GCC_C_LANGUAGE_STANDARD = gnu99;
				GCC_ENABLE_OBJC_EXCEPTIONS = YES;
				GCC_WARN_64_TO_32_BIT_CONVERSION = YES;
				GCC_WARN_ABOUT_RETURN_TYPE = YES_ERROR;
				GCC_WARN_UNDECLARED_SELECTOR = YES;
				GCC_WARN_UNINITIALIZED_AUTOS = YES;
				GCC_WARN_UNUSED_FUNCTION = YES;
				GCC_WARN_UNUSED_VARIABLE = YES;
				MACOSX_DEPLOYMENT_TARGET = 10.8;
				SDKROOT = macosx;
			};
			name = Release;
		};
		75FECA7D17F5FDE100C2B382 /* Debug */ = {
			isa = XCBuildConfiguration;
			buildSettings = {
				ASSETCATALOG_COMPILER_APPICON_NAME = AppIcon;
				COMBINE_HIDPI_IMAGES = YES;
				GCC_PRECOMPILE_PREFIX_HEADER = YES;
				GCC_PREFIX_HEADER = "BrainRingControl/BrainRingControl-Prefix.pch";
				INFOPLIST_FILE = "BrainRingControl/BrainRingControl-Info.plist";
				PRODUCT_NAME = "$(TARGET_NAME)";
				WRAPPER_EXTENSION = app;
			};
			name = Debug;
		};
		75FECA7E17F5FDE100C2B382 /* Release */ = {
			isa = XCBuildConfiguration;
			buildSettings = {
				ASSETCATALOG_COMPILER_APPICON_NAME = AppIcon;
				COMBINE_HIDPI_IMAGES = YES;
				GCC_PRECOMPILE_PREFIX_HEADER = YES;
				GCC_PREFIX_HEADER = "BrainRingControl/BrainRingControl-Prefix.pch";
				INFOPLIST_FILE = "BrainRingControl/BrainRingControl-Info.plist";
				PRODUCT_NAME = "$(TARGET_NAME)";
				WRAPPER_EXTENSION = app;
			};
			name = Release;
		};
		75FECA8017F5FDE100C2B382 /* Debug */ = {
			isa = XCBuildConfiguration;
			buildSettings = {
				BUNDLE_LOADER = "$(BUILT_PRODUCTS_DIR)/BrainRingControl.app/Contents/MacOS/BrainRingControl";
				COMBINE_HIDPI_IMAGES = YES;
				FRAMEWORK_SEARCH_PATHS = (
					"$(DEVELOPER_FRAMEWORKS_DIR)",
					"$(inherited)",
				);
				GCC_PRECOMPILE_PREFIX_HEADER = YES;
				GCC_PREFIX_HEADER = "BrainRingControl/BrainRingControl-Prefix.pch";
				GCC_PREPROCESSOR_DEFINITIONS = (
					"DEBUG=1",
					"$(inherited)",
				);
				INFOPLIST_FILE = "BrainRingControlTests/BrainRingControlTests-Info.plist";
				PRODUCT_NAME = "$(TARGET_NAME)";
				TEST_HOST = "$(BUNDLE_LOADER)";
				WRAPPER_EXTENSION = xctest;
			};
			name = Debug;
		};
		75FECA8117F5FDE100C2B382 /* Release */ = {
			isa = XCBuildConfiguration;
			buildSettings = {
				BUNDLE_LOADER = "$(BUILT_PRODUCTS_DIR)/BrainRingControl.app/Contents/MacOS/BrainRingControl";
				COMBINE_HIDPI_IMAGES = YES;
				FRAMEWORK_SEARCH_PATHS = (
					"$(DEVELOPER_FRAMEWORKS_DIR)",
					"$(inherited)",
				);
				GCC_PRECOMPILE_PREFIX_HEADER = YES;
				GCC_PREFIX_HEADER = "BrainRingControl/BrainRingControl-Prefix.pch";
				INFOPLIST_FILE = "BrainRingControlTests/BrainRingControlTests-Info.plist";
				PRODUCT_NAME = "$(TARGET_NAME)";
				TEST_HOST = "$(BUNDLE_LOADER)";
				WRAPPER_EXTENSION = xctest;
			};
			name = Release;
		};
/* End XCBuildConfiguration section */

/* Begin XCConfigurationList section */
		75FECA4617F5FDE100C2B382 /* Build configuration list for PBXProject "BrainRingControl" */ = {
			isa = XCConfigurationList;
			buildConfigurations = (
				75FECA7A17F5FDE100C2B382 /* Debug */,
				75FECA7B17F5FDE100C2B382 /* Release */,
			);
			defaultConfigurationIsVisible = 0;
			defaultConfigurationName = Release;
		};
		75FECA7C17F5FDE100C2B382 /* Build configuration list for PBXNativeTarget "BrainRingControl" */ = {
			isa = XCConfigurationList;
			buildConfigurations = (
				75FECA7D17F5FDE100C2B382 /* Debug */,
				75FECA7E17F5FDE100C2B382 /* Release */,
			);
			defaultConfigurationIsVisible = 0;
			defaultConfigurationName = Release;
		};
		75FECA7F17F5FDE100C2B382 /* Build configuration list for PBXNativeTarget "BrainRingControlTests" */ = {
			isa = XCConfigurationList;
			buildConfigurations = (
				75FECA8017F5FDE100C2B382 /* Debug */,
				75FECA8117F5FDE100C2B382 /* Release */,
			);
			defaultConfigurationIsVisible = 0;
			defaultConfigurationName = Release;
		};
/* End XCConfigurationList section */
	};
	rootObject = 75FECA4317F5FDE100C2B382 /* Project object */;
}
