// !$*UTF8*$!
{
	archiveVersion = 1;
	classes = {
	};
	objectVersion = 46;
	objects = {

/* Begin PBXBuildFile section */
		75AC493317EE23AB00578372 /* UIKit.framework in Frameworks */ = {isa = PBXBuildFile; fileRef = 75AC493217EE23AB00578372 /* UIKit.framework */; };
		75AC493517EE23AC00578372 /* Foundation.framework in Frameworks */ = {isa = PBXBuildFile; fileRef = 75AC493417EE23AC00578372 /* Foundation.framework */; };
		75AC493717EE23AC00578372 /* CoreGraphics.framework in Frameworks */ = {isa = PBXBuildFile; fileRef = 75AC493617EE23AC00578372 /* CoreGraphics.framework */; };
		75AC493D17EE23AC00578372 /* InfoPlist.strings in Resources */ = {isa = PBXBuildFile; fileRef = 75AC493B17EE23AC00578372 /* InfoPlist.strings */; };
		75AC493F17EE23AC00578372 /* main.m in Sources */ = {isa = PBXBuildFile; fileRef = 75AC493E17EE23AC00578372 /* main.m */; };
		75AC494317EE23AC00578372 /* BRAppDelegate.m in Sources */ = {isa = PBXBuildFile; fileRef = 75AC494217EE23AC00578372 /* BRAppDelegate.m */; };
		75AC494517EE23AC00578372 /* Default.png in Resources */ = {isa = PBXBuildFile; fileRef = 75AC494417EE23AC00578372 /* Default.png */; };
		75AC494717EE23AC00578372 /* Default@2x.png in Resources */ = {isa = PBXBuildFile; fileRef = 75AC494617EE23AC00578372 /* Default@2x.png */; };
		75AC494917EE23AC00578372 /* Default-568h@2x.png in Resources */ = {isa = PBXBuildFile; fileRef = 75AC494817EE23AC00578372 /* Default-568h@2x.png */; };
		75AC494C17EE23AC00578372 /* BRViewController.m in Sources */ = {isa = PBXBuildFile; fileRef = 75AC494B17EE23AC00578372 /* BRViewController.m */; };
		75AC494F17EE23AC00578372 /* BRViewController_iPhone.xib in Resources */ = {isa = PBXBuildFile; fileRef = 75AC494D17EE23AC00578372 /* BRViewController_iPhone.xib */; };
		75AC495217EE23AC00578372 /* BRViewController_iPad.xib in Resources */ = {isa = PBXBuildFile; fileRef = 75AC495017EE23AC00578372 /* BRViewController_iPad.xib */; };
/* End PBXBuildFile section */

/* Begin PBXFileReference section */
		75AC492F17EE23AB00578372 /* iBrainRing.app */ = {isa = PBXFileReference; explicitFileType = wrapper.application; includeInIndex = 0; path = iBrainRing.app; sourceTree = BUILT_PRODUCTS_DIR; };
		75AC493217EE23AB00578372 /* UIKit.framework */ = {isa = PBXFileReference; lastKnownFileType = wrapper.framework; name = UIKit.framework; path = System/Library/Frameworks/UIKit.framework; sourceTree = SDKROOT; };
		75AC493417EE23AC00578372 /* Foundation.framework */ = {isa = PBXFileReference; lastKnownFileType = wrapper.framework; name = Foundation.framework; path = System/Library/Frameworks/Foundation.framework; sourceTree = SDKROOT; };
		75AC493617EE23AC00578372 /* CoreGraphics.framework */ = {isa = PBXFileReference; lastKnownFileType = wrapper.framework; name = CoreGraphics.framework; path = System/Library/Frameworks/CoreGraphics.framework; sourceTree = SDKROOT; };
		75AC493A17EE23AC00578372 /* iBrainRing-Info.plist */ = {isa = PBXFileReference; lastKnownFileType = text.plist.xml; path = "iBrainRing-Info.plist"; sourceTree = "<group>"; };
		75AC493C17EE23AC00578372 /* en */ = {isa = PBXFileReference; lastKnownFileType = text.plist.strings; name = en; path = en.lproj/InfoPlist.strings; sourceTree = "<group>"; };
		75AC493E17EE23AC00578372 /* main.m */ = {isa = PBXFileReference; lastKnownFileType = sourcecode.c.objc; path = main.m; sourceTree = "<group>"; };
		75AC494017EE23AC00578372 /* iBrainRing-Prefix.pch */ = {isa = PBXFileReference; lastKnownFileType = sourcecode.c.h; path = "iBrainRing-Prefix.pch"; sourceTree = "<group>"; };
		75AC494117EE23AC00578372 /* BRAppDelegate.h */ = {isa = PBXFileReference; lastKnownFileType = sourcecode.c.h; path = BRAppDelegate.h; sourceTree = "<group>"; };
		75AC494217EE23AC00578372 /* BRAppDelegate.m */ = {isa = PBXFileReference; lastKnownFileType = sourcecode.c.objc; path = BRAppDelegate.m; sourceTree = "<group>"; };
		75AC494417EE23AC00578372 /* Default.png */ = {isa = PBXFileReference; lastKnownFileType = image.png; path = Default.png; sourceTree = "<group>"; };
		75AC494617EE23AC00578372 /* Default@2x.png */ = {isa = PBXFileReference; lastKnownFileType = image.png; path = "Default@2x.png"; sourceTree = "<group>"; };
		75AC494817EE23AC00578372 /* Default-568h@2x.png */ = {isa = PBXFileReference; lastKnownFileType = image.png; path = "Default-568h@2x.png"; sourceTree = "<group>"; };
		75AC494A17EE23AC00578372 /* BRViewController.h */ = {isa = PBXFileReference; lastKnownFileType = sourcecode.c.h; path = BRViewController.h; sourceTree = "<group>"; };
		75AC494B17EE23AC00578372 /* BRViewController.m */ = {isa = PBXFileReference; lastKnownFileType = sourcecode.c.objc; path = BRViewController.m; sourceTree = "<group>"; };
		75AC494E17EE23AC00578372 /* en */ = {isa = PBXFileReference; lastKnownFileType = file.xib; name = en; path = en.lproj/BRViewController_iPhone.xib; sourceTree = "<group>"; };
		75AC495117EE23AC00578372 /* en */ = {isa = PBXFileReference; lastKnownFileType = file.xib; name = en; path = en.lproj/BRViewController_iPad.xib; sourceTree = "<group>"; };
/* End PBXFileReference section */

/* Begin PBXFrameworksBuildPhase section */
		75AC492C17EE23AB00578372 /* Frameworks */ = {
			isa = PBXFrameworksBuildPhase;
			buildActionMask = 2147483647;
			files = (
				75AC493317EE23AB00578372 /* UIKit.framework in Frameworks */,
				75AC493517EE23AC00578372 /* Foundation.framework in Frameworks */,
				75AC493717EE23AC00578372 /* CoreGraphics.framework in Frameworks */,
			);
			runOnlyForDeploymentPostprocessing = 0;
		};
/* End PBXFrameworksBuildPhase section */

/* Begin PBXGroup section */
		75AC492617EE23AB00578372 = {
			isa = PBXGroup;
			children = (
				75AC493817EE23AC00578372 /* iBrainRing */,
				75AC493117EE23AB00578372 /* Frameworks */,
				75AC493017EE23AB00578372 /* Products */,
			);
			sourceTree = "<group>";
		};
		75AC493017EE23AB00578372 /* Products */ = {
			isa = PBXGroup;
			children = (
				75AC492F17EE23AB00578372 /* iBrainRing.app */,
			);
			name = Products;
			sourceTree = "<group>";
		};
		75AC493117EE23AB00578372 /* Frameworks */ = {
			isa = PBXGroup;
			children = (
				75AC493217EE23AB00578372 /* UIKit.framework */,
				75AC493417EE23AC00578372 /* Foundation.framework */,
				75AC493617EE23AC00578372 /* CoreGraphics.framework */,
			);
			name = Frameworks;
			sourceTree = "<group>";
		};
		75AC493817EE23AC00578372 /* iBrainRing */ = {
			isa = PBXGroup;
			children = (
				75AC494117EE23AC00578372 /* BRAppDelegate.h */,
				75AC494217EE23AC00578372 /* BRAppDelegate.m */,
				75AC494A17EE23AC00578372 /* BRViewController.h */,
				75AC494B17EE23AC00578372 /* BRViewController.m */,
				75AC494D17EE23AC00578372 /* BRViewController_iPhone.xib */,
				75AC495017EE23AC00578372 /* BRViewController_iPad.xib */,
				75AC493917EE23AC00578372 /* Supporting Files */,
			);
			path = iBrainRing;
			sourceTree = "<group>";
		};
		75AC493917EE23AC00578372 /* Supporting Files */ = {
			isa = PBXGroup;
			children = (
				75AC493A17EE23AC00578372 /* iBrainRing-Info.plist */,
				75AC493B17EE23AC00578372 /* InfoPlist.strings */,
				75AC493E17EE23AC00578372 /* main.m */,
				75AC494017EE23AC00578372 /* iBrainRing-Prefix.pch */,
				75AC494417EE23AC00578372 /* Default.png */,
				75AC494617EE23AC00578372 /* Default@2x.png */,
				75AC494817EE23AC00578372 /* Default-568h@2x.png */,
			);
			name = "Supporting Files";
			sourceTree = "<group>";
		};
/* End PBXGroup section */

/* Begin PBXNativeTarget section */
		75AC492E17EE23AB00578372 /* iBrainRing */ = {
			isa = PBXNativeTarget;
			buildConfigurationList = 75AC495517EE23AC00578372 /* Build configuration list for PBXNativeTarget "iBrainRing" */;
			buildPhases = (
				75AC492B17EE23AB00578372 /* Sources */,
				75AC492C17EE23AB00578372 /* Frameworks */,
				75AC492D17EE23AB00578372 /* Resources */,
			);
			buildRules = (
			);
			dependencies = (
			);
			name = iBrainRing;
			productName = iBrainRing;
			productReference = 75AC492F17EE23AB00578372 /* iBrainRing.app */;
			productType = "com.apple.product-type.application";
		};
/* End PBXNativeTarget section */

/* Begin PBXProject section */
		75AC492717EE23AB00578372 /* Project object */ = {
			isa = PBXProject;
			attributes = {
				CLASSPREFIX = BR;
				LastUpgradeCheck = 0460;
				ORGANIZATIONNAME = "Sergey Dunets";
			};
			buildConfigurationList = 75AC492A17EE23AB00578372 /* Build configuration list for PBXProject "iBrainRing" */;
			compatibilityVersion = "Xcode 3.2";
			developmentRegion = English;
			hasScannedForEncodings = 0;
			knownRegions = (
				en,
			);
			mainGroup = 75AC492617EE23AB00578372;
			productRefGroup = 75AC493017EE23AB00578372 /* Products */;
			projectDirPath = "";
			projectRoot = "";
			targets = (
				75AC492E17EE23AB00578372 /* iBrainRing */,
			);
		};
/* End PBXProject section */

/* Begin PBXResourcesBuildPhase section */
		75AC492D17EE23AB00578372 /* Resources */ = {
			isa = PBXResourcesBuildPhase;
			buildActionMask = 2147483647;
			files = (
				75AC493D17EE23AC00578372 /* InfoPlist.strings in Resources */,
				75AC494517EE23AC00578372 /* Default.png in Resources */,
				75AC494717EE23AC00578372 /* Default@2x.png in Resources */,
				75AC494917EE23AC00578372 /* Default-568h@2x.png in Resources */,
				75AC494F17EE23AC00578372 /* BRViewController_iPhone.xib in Resources */,
				75AC495217EE23AC00578372 /* BRViewController_iPad.xib in Resources */,
			);
			runOnlyForDeploymentPostprocessing = 0;
		};
/* End PBXResourcesBuildPhase section */

/* Begin PBXSourcesBuildPhase section */
		75AC492B17EE23AB00578372 /* Sources */ = {
			isa = PBXSourcesBuildPhase;
			buildActionMask = 2147483647;
			files = (
				75AC493F17EE23AC00578372 /* main.m in Sources */,
				75AC494317EE23AC00578372 /* BRAppDelegate.m in Sources */,
				75AC494C17EE23AC00578372 /* BRViewController.m in Sources */,
			);
			runOnlyForDeploymentPostprocessing = 0;
		};
/* End PBXSourcesBuildPhase section */

/* Begin PBXVariantGroup section */
		75AC493B17EE23AC00578372 /* InfoPlist.strings */ = {
			isa = PBXVariantGroup;
			children = (
				75AC493C17EE23AC00578372 /* en */,
			);
			name = InfoPlist.strings;
			sourceTree = "<group>";
		};
		75AC494D17EE23AC00578372 /* BRViewController_iPhone.xib */ = {
			isa = PBXVariantGroup;
			children = (
				75AC494E17EE23AC00578372 /* en */,
			);
			name = BRViewController_iPhone.xib;
			sourceTree = "<group>";
		};
		75AC495017EE23AC00578372 /* BRViewController_iPad.xib */ = {
			isa = PBXVariantGroup;
			children = (
				75AC495117EE23AC00578372 /* en */,
			);
			name = BRViewController_iPad.xib;
			sourceTree = "<group>";
		};
/* End PBXVariantGroup section */

/* Begin XCBuildConfiguration section */
		75AC495317EE23AC00578372 /* Debug */ = {
			isa = XCBuildConfiguration;
			buildSettings = {
				ALWAYS_SEARCH_USER_PATHS = NO;
				CLANG_CXX_LANGUAGE_STANDARD = "gnu++0x";
				CLANG_CXX_LIBRARY = "libc++";
				CLANG_WARN_CONSTANT_CONVERSION = YES;
				CLANG_WARN_EMPTY_BODY = YES;
				CLANG_WARN_ENUM_CONVERSION = YES;
				CLANG_WARN_INT_CONVERSION = YES;
				CLANG_WARN__DUPLICATE_METHOD_MATCH = YES;
				"CODE_SIGN_IDENTITY[sdk=iphoneos*]" = "iPhone Developer";
				COPY_PHASE_STRIP = NO;
				GCC_C_LANGUAGE_STANDARD = gnu99;
				GCC_DYNAMIC_NO_PIC = NO;
				GCC_OPTIMIZATION_LEVEL = 0;
				GCC_PREPROCESSOR_DEFINITIONS = (
					"DEBUG=1",
					"$(inherited)",
				);
				GCC_SYMBOLS_PRIVATE_EXTERN = NO;
				GCC_WARN_ABOUT_RETURN_TYPE = YES;
				GCC_WARN_UNINITIALIZED_AUTOS = YES;
				GCC_WARN_UNUSED_VARIABLE = YES;
				IPHONEOS_DEPLOYMENT_TARGET = 6.1;
				ONLY_ACTIVE_ARCH = YES;
				SDKROOT = iphoneos;
				TARGETED_DEVICE_FAMILY = "1,2";
			};
			name = Debug;
		};
		75AC495417EE23AC00578372 /* Release */ = {
			isa = XCBuildConfiguration;
			buildSettings = {
				ALWAYS_SEARCH_USER_PATHS = NO;
				CLANG_CXX_LANGUAGE_STANDARD = "gnu++0x";
				CLANG_CXX_LIBRARY = "libc++";
				CLANG_WARN_CONSTANT_CONVERSION = YES;
				CLANG_WARN_EMPTY_BODY = YES;
				CLANG_WARN_ENUM_CONVERSION = YES;
				CLANG_WARN_INT_CONVERSION = YES;
				CLANG_WARN__DUPLICATE_METHOD_MATCH = YES;
				"CODE_SIGN_IDENTITY[sdk=iphoneos*]" = "iPhone Developer";
				COPY_PHASE_STRIP = YES;
				GCC_C_LANGUAGE_STANDARD = gnu99;
				GCC_WARN_ABOUT_RETURN_TYPE = YES;
				GCC_WARN_UNINITIALIZED_AUTOS = YES;
				GCC_WARN_UNUSED_VARIABLE = YES;
				IPHONEOS_DEPLOYMENT_TARGET = 6.1;
				OTHER_CFLAGS = "-DNS_BLOCK_ASSERTIONS=1";
				SDKROOT = iphoneos;
				TARGETED_DEVICE_FAMILY = "1,2";
				VALIDATE_PRODUCT = YES;
			};
			name = Release;
		};
		75AC495617EE23AC00578372 /* Debug */ = {
			isa = XCBuildConfiguration;
			buildSettings = {
				GCC_PRECOMPILE_PREFIX_HEADER = YES;
				GCC_PREFIX_HEADER = "iBrainRing/iBrainRing-Prefix.pch";
				INFOPLIST_FILE = "iBrainRing/iBrainRing-Info.plist";
				PRODUCT_NAME = "$(TARGET_NAME)";
				WRAPPER_EXTENSION = app;
			};
			name = Debug;
		};
		75AC495717EE23AC00578372 /* Release */ = {
			isa = XCBuildConfiguration;
			buildSettings = {
				GCC_PRECOMPILE_PREFIX_HEADER = YES;
				GCC_PREFIX_HEADER = "iBrainRing/iBrainRing-Prefix.pch";
				INFOPLIST_FILE = "iBrainRing/iBrainRing-Info.plist";
				PRODUCT_NAME = "$(TARGET_NAME)";
				WRAPPER_EXTENSION = app;
			};
			name = Release;
		};
/* End XCBuildConfiguration section */

/* Begin XCConfigurationList section */
		75AC492A17EE23AB00578372 /* Build configuration list for PBXProject "iBrainRing" */ = {
			isa = XCConfigurationList;
			buildConfigurations = (
				75AC495317EE23AC00578372 /* Debug */,
				75AC495417EE23AC00578372 /* Release */,
			);
			defaultConfigurationIsVisible = 0;
			defaultConfigurationName = Release;
		};
		75AC495517EE23AC00578372 /* Build configuration list for PBXNativeTarget "iBrainRing" */ = {
			isa = XCConfigurationList;
			buildConfigurations = (
				75AC495617EE23AC00578372 /* Debug */,
				75AC495717EE23AC00578372 /* Release */,
			);
			defaultConfigurationIsVisible = 0;
		};
/* End XCConfigurationList section */
	};
	rootObject = 75AC492717EE23AB00578372 /* Project object */;
}
